# This file is automatically @generated by Cargo.
# It is not intended for manual editing.
version = 4

[[package]]
name = "zkperf-adapter-protocol"
version = "0.1.0"

[[package]]
name = "zkperf-cli"
version = "0.1.0"
dependencies = [
 "zkperf-core",
]

[[package]]
name = "zkperf-core"
version = "0.1.0"
dependencies = [
 "zkperf-adapter-protocol",
]
